
Microsoft Visual Studio Solution File, Format Version 12.00
# Visual Studio Version 17
VisualStudioVersion = 17.9.34616.47
MinimumVisualStudioVersion = 10.0.40219.1
Project("{888888A0-9F3D-457C-B088-3A5042F75D52}") = "Operating Systems - Page Replacement", "Operating Systems - Page Replacement\Operating Systems - Page Replacement.pyproj", "{959591EF-C9B8-4C5B-B34D-07C0746A8EBE}"
EndProject
Global
	GlobalSection(SolutionConfigurationPlatforms) = preSolution
		Debug|Any CPU = Debug|Any CPU
		Release|Any CPU = Release|Any CPU
	EndGlobalSection
	GlobalSection(ProjectConfigurationPlatforms) = postSolution
		{959591EF-C9B8-4C5B-B34D-07C0746A8EBE}.Debug|Any CPU.ActiveCfg = Debug|Any CPU
		{959591EF-C9B8-4C5B-B34D-07C0746A8EBE}.Release|Any CPU.ActiveCfg = Release|Any CPU
	EndGlobalSection
	GlobalSection(SolutionProperties) = preSolution
		HideSolutionNode = FALSE
	EndGlobalSection
	GlobalSection(ExtensibilityGlobals) = postSolution
		SolutionGuid = {A3CFC0B1-2D9B-4B85-B724-A37FECC4003C}
	EndGlobalSection
EndGlobal
